
Microsoft Visual Studio Solution File, Format Version 12.00
# Visual Studio Version 16
VisualStudioVersion = 16.0.29926.136
MinimumVisualStudioVersion = 10.0.40219.1
Project("{FAE04EC0-301F-11D3-BF4B-00C04F79EFBC}") = "LVAReciclajeTPDA", "LVAReciclajeTPDA\LVAReciclajeTPDA.csproj", "{BF7FCF27-BCB5-420F-AF7D-08DB56FD652A}"
EndProject
Global
	GlobalSection(SolutionConfigurationPlatforms) = preSolution
		Debug|Any CPU = Debug|Any CPU
		Release|Any CPU = Release|Any CPU
	EndGlobalSection
	GlobalSection(ProjectConfigurationPlatforms) = postSolution
		{BF7FCF27-BCB5-420F-AF7D-08DB56FD652A}.Debug|Any CPU.ActiveCfg = Debug|Any CPU
		{BF7FCF27-BCB5-420F-AF7D-08DB56FD652A}.Debug|Any CPU.Build.0 = Debug|Any CPU
		{BF7FCF27-BCB5-420F-AF7D-08DB56FD652A}.Release|Any CPU.ActiveCfg = Release|Any CPU
		{BF7FCF27-BCB5-420F-AF7D-08DB56FD652A}.Release|Any CPU.Build.0 = Release|Any CPU
	EndGlobalSection
	GlobalSection(SolutionProperties) = preSolution
		HideSolutionNode = FALSE
	EndGlobalSection
	GlobalSection(ExtensibilityGlobals) = postSolution
		SolutionGuid = {96F67C29-8240-4F10-9B03-C54ED0213EAA}
	EndGlobalSection
EndGlobal
